
Microsoft Visual Studio Solution File, Format Version 10.00
# Visual C# Express 2008
Project("{FAE04EC0-301F-11D3-BF4B-00C04F79EFBC}") = "Regular Expressions", "Regular Expressions\Regular Expressions.csproj", "{696A4D61-183C-467B-9850-A2F61E021770}"
EndProject
Global
	GlobalSection(SolutionConfigurationPlatforms) = preSolution
		Debug|Any CPU = Debug|Any CPU
		Release|Any CPU = Release|Any CPU
	EndGlobalSection
	GlobalSection(ProjectConfigurationPlatforms) = postSolution
		{696A4D61-183C-467B-9850-A2F61E021770}.Debug|Any CPU.ActiveCfg = Debug|Any CPU
		{696A4D61-183C-467B-9850-A2F61E021770}.Debug|Any CPU.Build.0 = Debug|Any CPU
		{696A4D61-183C-467B-9850-A2F61E021770}.Release|Any CPU.ActiveCfg = Release|Any CPU
		{696A4D61-183C-467B-9850-A2F61E021770}.Release|Any CPU.Build.0 = Release|Any CPU
	EndGlobalSection
	GlobalSection(SolutionProperties) = preSolution
		HideSolutionNode = FALSE
	EndGlobalSection
EndGlobal
